
Microsoft Visual Studio Solution File, Format Version 12.00
# Visual Studio Version 17
VisualStudioVersion = 17.4.33213.308
MinimumVisualStudioVersion = 10.0.40219.1
Project("{FAE04EC0-301F-11D3-BF4B-00C04F79EFBC}") = "U4 CSharp", "U4 CSharp.csproj", "{33701B31-2536-4BDE-B5D6-04FEEC6D0005}"
EndProject
Global
	GlobalSection(SolutionConfigurationPlatforms) = preSolution
		Debug|Any CPU = Debug|Any CPU
		Release|Any CPU = Release|Any CPU
	EndGlobalSection
	GlobalSection(ProjectConfigurationPlatforms) = postSolution
		{33701B31-2536-4BDE-B5D6-04FEEC6D0005}.Debug|Any CPU.ActiveCfg = Debug|Any CPU
		{33701B31-2536-4BDE-B5D6-04FEEC6D0005}.Debug|Any CPU.Build.0 = Debug|Any CPU
		{33701B31-2536-4BDE-B5D6-04FEEC6D0005}.Release|Any CPU.ActiveCfg = Release|Any CPU
		{33701B31-2536-4BDE-B5D6-04FEEC6D0005}.Release|Any CPU.Build.0 = Release|Any CPU
	EndGlobalSection
	GlobalSection(SolutionProperties) = preSolution
		HideSolutionNode = FALSE
	EndGlobalSection
	GlobalSection(ExtensibilityGlobals) = postSolution
		SolutionGuid = {D4B0353B-F01E-4D42-A65C-3EB5BE5F5457}
	EndGlobalSection
EndGlobal
